{
  "version": 1,
  "dependencies": {
    "net8.0": {
      "Newtonsoft.Json": {
        "type": "Direct",
        "requested": "[13.0.3, )",
        "resolved": "13.0.3",
        "contentHash": "HrC5BXdl00IP9zeV+0Z848QWPAoCr9P3bDEZguI+gkLcBKAOxix/tLEAAHC+UvDNPv4a2d18lOReHMOagPa+zQ=="
      },
      "Websocket.Client": {
        "type": "Direct",
        "requested": "[4.4.43, )",
        "resolved": "4.4.43",
        "contentHash": "h0sS4zsnXrVkYyMYDaRc0k/oV54uXXBlN/HOHAK5d/RWleLTmWS6bxtt0l3D5Q2rgtfLinkHLdf4sOqdrxZ0NA==",
        "dependencies": {
          "System.Reactive": "4.3.2",
          "System.Threading.Channels": "4.7.0"
        }
      },
      "System.Reactive": {
        "type": "Transitive",
        "resolved": "4.3.2",
        "contentHash": "WhGkScPWxw2pp7UwRW8M1OvYZ3WUDPC2wJ0aiuaB4KRD3bt4wLkgHgYnOUu87WRhsurvv5LN0E63iWOEza2o8g=="
      },
      "System.Threading.Channels": {
        "type": "Transitive",
        "resolved": "4.7.0",
        "contentHash": "gdOOXBhtt2UpTxYJm1DRmoqNfYg5ypvhzhVt0vxKhzxXFjS81r8yIOSFsJYLRa1Jc14GBAqCnjxJstO3zBN7gg=="
      }
    }
  }
}